// !$*UTF8*$!
{
	archiveVersion = 1;
	classes = {
	};
	objectVersion = 56;
	objects = {

/* Begin PBXBuildFile section */
		670D49752B40355300A84FCE /* TutorialApp.swift in Sources */ = {isa = PBXBuildFile; fileRef = 670D49742B40355300A84FCE /* TutorialApp.swift */; };
		670D49772B40355300A84FCE /* ContentView.swift in Sources */ = {isa = PBXBuildFile; fileRef = 670D49762B40355300A84FCE /* ContentView.swift */; };
		670D49792B40355400A84FCE /* Assets.xcassets in Resources */ = {isa = PBXBuildFile; fileRef = 670D49782B40355400A84FCE /* Assets.xcassets */; };
		670D497C2B40355400A84FCE /* Preview Assets.xcassets in Resources */ = {isa = PBXBuildFile; fileRef = 670D497B2B40355400A84FCE /* Preview Assets.xcassets */; };
		67E36CFC2B8F7E3A00FAB7A8 /* Button01.swift in Sources */ = {isa = PBXBuildFile; fileRef = 67E36CFB2B8F7E3A00FAB7A8 /* Button01.swift */; };
		67E36CFE2B8F7E6D00FAB7A8 /* Button02.swift in Sources */ = {isa = PBXBuildFile; fileRef = 67E36CFD2B8F7E6D00FAB7A8 /* Button02.swift */; };
		67E36D002B8F7EA800FAB7A8 /* Button03.swift in Sources */ = {isa = PBXBuildFile; fileRef = 67E36CFF2B8F7EA800FAB7A8 /* Button03.swift */; };
		67E36D022B8F7EAE00FAB7A8 /* Button04.swift in Sources */ = {isa = PBXBuildFile; fileRef = 67E36D012B8F7EAE00FAB7A8 /* Button04.swift */; };
/* End PBXBuildFile section */

/* Begin PBXFileReference section */
		670D49712B40355300A84FCE /* Tutorial.app */ = {isa = PBXFileReference; explicitFileType = wrapper.application; includeInIndex = 0; path = Tutorial.app; sourceTree = BUILT_PRODUCTS_DIR; };
		670D49742B40355300A84FCE /* TutorialApp.swift */ = {isa = PBXFileReference; lastKnownFileType = sourcecode.swift; path = TutorialApp.swift; sourceTree = "<group>"; };
		670D49762B40355300A84FCE /* ContentView.swift */ = {isa = PBXFileReference; lastKnownFileType = sourcecode.swift; path = ContentView.swift; sourceTree = "<group>"; };
		670D49782B40355400A84FCE /* Assets.xcassets */ = {isa = PBXFileReference; lastKnownFileType = folder.assetcatalog; path = Assets.xcassets; sourceTree = "<group>"; };
		670D497B2B40355400A84FCE /* Preview Assets.xcassets */ = {isa = PBXFileReference; lastKnownFileType = folder.assetcatalog; path = "Preview Assets.xcassets"; sourceTree = "<group>"; };
		67E36CFB2B8F7E3A00FAB7A8 /* Button01.swift */ = {isa = PBXFileReference; lastKnownFileType = sourcecode.swift; path = Button01.swift; sourceTree = "<group>"; };
		67E36CFD2B8F7E6D00FAB7A8 /* Button02.swift */ = {isa = PBXFileReference; lastKnownFileType = sourcecode.swift; path = Button02.swift; sourceTree = "<group>"; };
		67E36CFF2B8F7EA800FAB7A8 /* Button03.swift */ = {isa = PBXFileReference; lastKnownFileType = sourcecode.swift; path = Button03.swift; sourceTree = "<group>"; };
		67E36D012B8F7EAE00FAB7A8 /* Button04.swift */ = {isa = PBXFileReference; lastKnownFileType = sourcecode.swift; path = Button04.swift; sourceTree = "<group>"; };
/* End PBXFileReference section */

/* Begin PBXFrameworksBuildPhase section */
		670D496E2B40355300A84FCE /* Frameworks */ = {
			isa = PBXFrameworksBuildPhase;
			buildActionMask = 2147483647;
			files = (
			);
			runOnlyForDeploymentPostprocessing = 0;
		};
/* End PBXFrameworksBuildPhase section */

/* Begin PBXGroup section */
		670D49682B40355300A84FCE = {
			isa = PBXGroup;
			children = (
				670D49732B40355300A84FCE /* Tutorial */,
				670D49722B40355300A84FCE /* Products */,
			);
			sourceTree = "<group>";
		};
		670D49722B40355300A84FCE /* Products */ = {
			isa = PBXGroup;
			children = (
				670D49712B40355300A84FCE /* Tutorial.app */,
			);
			name = Products;
			sourceTree = "<group>";
		};
		670D49732B40355300A84FCE /* Tutorial */ = {
			isa = PBXGroup;
			children = (
				67E36D032B8F7EE000FAB7A8 /* components */,
				670D49742B40355300A84FCE /* TutorialApp.swift */,
				670D49762B40355300A84FCE /* ContentView.swift */,
				670D49782B40355400A84FCE /* Assets.xcassets */,
				670D497A2B40355400A84FCE /* Preview Content */,
			);
			path = Tutorial;
			sourceTree = "<group>";
		};
		670D497A2B40355400A84FCE /* Preview Content */ = {
			isa = PBXGroup;
			children = (
				670D497B2B40355400A84FCE /* Preview Assets.xcassets */,
			);
			path = "Preview Content";
			sourceTree = "<group>";
		};
		67E36D032B8F7EE000FAB7A8 /* components */ = {
			isa = PBXGroup;
			children = (
				67E36CFB2B8F7E3A00FAB7A8 /* Button01.swift */,
				67E36CFD2B8F7E6D00FAB7A8 /* Button02.swift */,
				67E36CFF2B8F7EA800FAB7A8 /* Button03.swift */,
				67E36D012B8F7EAE00FAB7A8 /* Button04.swift */,
			);
			path = components;
			sourceTree = "<group>";
		};
/* End PBXGroup section */

/* Begin PBXNativeTarget section */
		670D49702B40355300A84FCE /* Tutorial */ = {
			isa = PBXNativeTarget;
			buildConfigurationList = 670D497F2B40355400A84FCE /* Build configuration list for PBXNativeTarget "Tutorial" */;
			buildPhases = (
				670D496D2B40355300A84FCE /* Sources */,
				670D496E2B40355300A84FCE /* Frameworks */,
				670D496F2B40355300A84FCE /* Resources */,
			);
			buildRules = (
			);
			dependencies = (
			);
			name = Tutorial;
			productName = Tutorial;
			productReference = 670D49712B40355300A84FCE /* Tutorial.app */;
			productType = "com.apple.product-type.application";
		};
/* End PBXNativeTarget section */

/* Begin PBXProject section */
		670D49692B40355300A84FCE /* Project object */ = {
			isa = PBXProject;
			attributes = {
				BuildIndependentTargetsInParallel = 1;
				LastSwiftUpdateCheck = 1500;
				LastUpgradeCheck = 1500;
				TargetAttributes = {
					670D49702B40355300A84FCE = {
						CreatedOnToolsVersion = 15.0;
					};
				};
			};
			buildConfigurationList = 670D496C2B40355300A84FCE /* Build configuration list for PBXProject "Tutorial" */;
			compatibilityVersion = "Xcode 14.0";
			developmentRegion = en;
			hasScannedForEncodings = 0;
			knownRegions = (
				en,
				Base,
			);
			mainGroup = 670D49682B40355300A84FCE;
			productRefGroup = 670D49722B40355300A84FCE /* Products */;
			projectDirPath = "";
			projectRoot = "";
			targets = (
				670D49702B40355300A84FCE /* Tutorial */,
			);
		};
/* End PBXProject section */

/* Begin PBXResourcesBuildPhase section */
		670D496F2B40355300A84FCE /* Resources */ = {
			isa = PBXResourcesBuildPhase;
			buildActionMask = 2147483647;
			files = (
				670D497C2B40355400A84FCE /* Preview Assets.xcassets in Resources */,
				670D49792B40355400A84FCE /* Assets.xcassets in Resources */,
			);
			runOnlyForDeploymentPostprocessing = 0;
		};
/* End PBXResourcesBuildPhase section */

/* Begin PBXSourcesBuildPhase section */
		670D496D2B40355300A84FCE /* Sources */ = {
			isa = PBXSourcesBuildPhase;
			buildActionMask = 2147483647;
			files = (
				67E36CFC2B8F7E3A00FAB7A8 /* Button01.swift in Sources */,
				670D49772B40355300A84FCE /* ContentView.swift in Sources */,
				67E36D002B8F7EA800FAB7A8 /* Button03.swift in Sources */,
				67E36D022B8F7EAE00FAB7A8 /* Button04.swift in Sources */,
				670D49752B40355300A84FCE /* TutorialApp.swift in Sources */,
				67E36CFE2B8F7E6D00FAB7A8 /* Button02.swift in Sources */,
			);
			runOnlyForDeploymentPostprocessing = 0;
		};
/* End PBXSourcesBuildPhase section */

/* Begin XCBuildConfiguration section */
		670D497D2B40355400A84FCE /* Debug */ = {
			isa = XCBuildConfiguration;
			buildSettings = {
				ALWAYS_SEARCH_USER_PATHS = NO;
				ASSETCATALOG_COMPILER_GENERATE_SWIFT_ASSET_SYMBOL_EXTENSIONS = YES;
				CLANG_ANALYZER_NONNULL = YES;
				CLANG_ANALYZER_NUMBER_OBJECT_CONVERSION = YES_AGGRESSIVE;
				CLANG_CXX_LANGUAGE_STANDARD = "gnu++20";
				CLANG_ENABLE_MODULES = YES;
				CLANG_ENABLE_OBJC_ARC = YES;
				CLANG_ENABLE_OBJC_WEAK = YES;
				CLANG_WARN_BLOCK_CAPTURE_AUTORELEASING = YES;
				CLANG_WARN_BOOL_CONVERSION = YES;
				CLANG_WARN_COMMA = YES;
				CLANG_WARN_CONSTANT_CONVERSION = YES;
				CLANG_WARN_DEPRECATED_OBJC_IMPLEMENTATIONS = YES;
				CLANG_WARN_DIRECT_OBJC_ISA_USAGE = YES_ERROR;
				CLANG_WARN_DOCUMENTATION_COMMENTS = YES;
				CLANG_WARN_EMPTY_BODY = YES;
				CLANG_WARN_ENUM_CONVERSION = YES;
				CLANG_WARN_INFINITE_RECURSION = YES;
				CLANG_WARN_INT_CONVERSION = YES;
				CLANG_WARN_NON_LITERAL_NULL_CONVERSION = YES;
				CLANG_WARN_OBJC_IMPLICIT_RETAIN_SELF = YES;
				CLANG_WARN_OBJC_LITERAL_CONVERSION = YES;
				CLANG_WARN_OBJC_ROOT_CLASS = YES_ERROR;
				CLANG_WARN_QUOTED_INCLUDE_IN_FRAMEWORK_HEADER = YES;
				CLANG_WARN_RANGE_LOOP_ANALYSIS = YES;
				CLANG_WARN_STRICT_PROTOTYPES = YES;
				CLANG_WARN_SUSPICIOUS_MOVE = YES;
				CLANG_WARN_UNGUARDED_AVAILABILITY = YES_AGGRESSIVE;
				CLANG_WARN_UNREACHABLE_CODE = YES;
				CLANG_WARN__DUPLICATE_METHOD_MATCH = YES;
				COPY_PHASE_STRIP = NO;
				DEBUG_INFORMATION_FORMAT = dwarf;
				ENABLE_STRICT_OBJC_MSGSEND = YES;
				ENABLE_TESTABILITY = YES;
				ENABLE_USER_SCRIPT_SANDBOXING = YES;
				GCC_C_LANGUAGE_STANDARD = gnu17;
				GCC_DYNAMIC_NO_PIC = NO;
				GCC_NO_COMMON_BLOCKS = YES;
				GCC_OPTIMIZATION_LEVEL = 0;
				GCC_PREPROCESSOR_DEFINITIONS = (
					"DEBUG=1",
					"$(inherited)",
				);
				GCC_WARN_64_TO_32_BIT_CONVERSION = YES;
				GCC_WARN_ABOUT_RETURN_TYPE = YES_ERROR;
				GCC_WARN_UNDECLARED_SELECTOR = YES;
				GCC_WARN_UNINITIALIZED_AUTOS = YES_AGGRESSIVE;
				GCC_WARN_UNUSED_FUNCTION = YES;
				GCC_WARN_UNUSED_VARIABLE = YES;
				IPHONEOS_DEPLOYMENT_TARGET = 17.0;
				LOCALIZATION_PREFERS_STRING_CATALOGS = YES;
				MTL_ENABLE_DEBUG_INFO = INCLUDE_SOURCE;
				MTL_FAST_MATH = YES;
				ONLY_ACTIVE_ARCH = YES;
				SDKROOT = iphoneos;
				SWIFT_ACTIVE_COMPILATION_CONDITIONS = "DEBUG $(inherited)";
				SWIFT_OPTIMIZATION_LEVEL = "-Onone";
			};
			name = Debug;
		};
		670D497E2B40355400A84FCE /* Release */ = {
			isa = XCBuildConfiguration;
			buildSettings = {
				ALWAYS_SEARCH_USER_PATHS = NO;
				ASSETCATALOG_COMPILER_GENERATE_SWIFT_ASSET_SYMBOL_EXTENSIONS = YES;
				CLANG_ANALYZER_NONNULL = YES;
				CLANG_ANALYZER_NUMBER_OBJECT_CONVERSION = YES_AGGRESSIVE;
				CLANG_CXX_LANGUAGE_STANDARD = "gnu++20";
				CLANG_ENABLE_MODULES = YES;
				CLANG_ENABLE_OBJC_ARC = YES;
				CLANG_ENABLE_OBJC_WEAK = YES;
				CLANG_WARN_BLOCK_CAPTURE_AUTORELEASING = YES;
				CLANG_WARN_BOOL_CONVERSION = YES;
				CLANG_WARN_COMMA = YES;
				CLANG_WARN_CONSTANT_CONVERSION = YES;
				CLANG_WARN_DEPRECATED_OBJC_IMPLEMENTATIONS = YES;
				CLANG_WARN_DIRECT_OBJC_ISA_USAGE = YES_ERROR;
				CLANG_WARN_DOCUMENTATION_COMMENTS = YES;
				CLANG_WARN_EMPTY_BODY = YES;
				CLANG_WARN_ENUM_CONVERSION = YES;
				CLANG_WARN_INFINITE_RECURSION = YES;
				CLANG_WARN_INT_CONVERSION = YES;
				CLANG_WARN_NON_LITERAL_NULL_CONVERSION = YES;
				CLANG_WARN_OBJC_IMPLICIT_RETAIN_SELF = YES;
				CLANG_WARN_OBJC_LITERAL_CONVERSION = YES;
				CLANG_WARN_OBJC_ROOT_CLASS = YES_ERROR;
				CLANG_WARN_QUOTED_INCLUDE_IN_FRAMEWORK_HEADER = YES;
				CLANG_WARN_RANGE_LOOP_ANALYSIS = YES;
				CLANG_WARN_STRICT_PROTOTYPES = YES;
				CLANG_WARN_SUSPICIOUS_MOVE = YES;
				CLANG_WARN_UNGUARDED_AVAILABILITY = YES_AGGRESSIVE;
				CLANG_WARN_UNREACHABLE_CODE = YES;
				CLANG_WARN__DUPLICATE_METHOD_MATCH = YES;
				COPY_PHASE_STRIP = NO;
				DEBUG_INFORMATION_FORMAT = "dwarf-with-dsym";
				ENABLE_NS_ASSERTIONS = NO;
				ENABLE_STRICT_OBJC_MSGSEND = YES;
				ENABLE_USER_SCRIPT_SANDBOXING = YES;
				GCC_C_LANGUAGE_STANDARD = gnu17;
				GCC_NO_COMMON_BLOCKS = YES;
				GCC_WARN_64_TO_32_BIT_CONVERSION = YES;
				GCC_WARN_ABOUT_RETURN_TYPE = YES_ERROR;
				GCC_WARN_UNDECLARED_SELECTOR = YES;
				GCC_WARN_UNINITIALIZED_AUTOS = YES_AGGRESSIVE;
				GCC_WARN_UNUSED_FUNCTION = YES;
				GCC_WARN_UNUSED_VARIABLE = YES;
				IPHONEOS_DEPLOYMENT_TARGET = 17.0;
				LOCALIZATION_PREFERS_STRING_CATALOGS = YES;
				MTL_ENABLE_DEBUG_INFO = NO;
				MTL_FAST_MATH = YES;
				SDKROOT = iphoneos;
				SWIFT_COMPILATION_MODE = wholemodule;
				VALIDATE_PRODUCT = YES;
			};
			name = Release;
		};
		670D49802B40355400A84FCE /* Debug */ = {
			isa = XCBuildConfiguration;
			buildSettings = {
				ASSETCATALOG_COMPILER_APPICON_NAME = AppIcon;
				ASSETCATALOG_COMPILER_GLOBAL_ACCENT_COLOR_NAME = AccentColor;
				CODE_SIGN_STYLE = Automatic;
				CURRENT_PROJECT_VERSION = 1;
				DEVELOPMENT_ASSET_PATHS = "\"Tutorial/Preview Content\"";
				ENABLE_PREVIEWS = YES;
				GENERATE_INFOPLIST_FILE = YES;
				INFOPLIST_KEY_UIApplicationSceneManifest_Generation = YES;
				INFOPLIST_KEY_UIApplicationSupportsIndirectInputEvents = YES;
				INFOPLIST_KEY_UILaunchScreen_Generation = YES;
				INFOPLIST_KEY_UISupportedInterfaceOrientations_iPad = "UIInterfaceOrientationPortrait UIInterfaceOrientationPortraitUpsideDown UIInterfaceOrientationLandscapeLeft UIInterfaceOrientationLandscapeRight";
				INFOPLIST_KEY_UISupportedInterfaceOrientations_iPhone = "UIInterfaceOrientationPortrait UIInterfaceOrientationLandscapeLeft UIInterfaceOrientationLandscapeRight";
				LD_RUNPATH_SEARCH_PATHS = (
					"$(inherited)",
					"@executable_path/Frameworks",
				);
				MARKETING_VERSION = 1.0;
				PRODUCT_BUNDLE_IDENTIFIER = IAPTutorials.Tutorial;
				PRODUCT_NAME = "$(TARGET_NAME)";
				SWIFT_EMIT_LOC_STRINGS = YES;
				SWIFT_VERSION = 5.0;
				TARGETED_DEVICE_FAMILY = "1,2";
			};
			name = Debug;
		};
		670D49812B40355400A84FCE /* Release */ = {
			isa = XCBuildConfiguration;
			buildSettings = {
				ASSETCATALOG_COMPILER_APPICON_NAME = AppIcon;
				ASSETCATALOG_COMPILER_GLOBAL_ACCENT_COLOR_NAME = AccentColor;
				CODE_SIGN_STYLE = Automatic;
				CURRENT_PROJECT_VERSION = 1;
				DEVELOPMENT_ASSET_PATHS = "\"Tutorial/Preview Content\"";
				ENABLE_PREVIEWS = YES;
				GENERATE_INFOPLIST_FILE = YES;
				INFOPLIST_KEY_UIApplicationSceneManifest_Generation = YES;
				INFOPLIST_KEY_UIApplicationSupportsIndirectInputEvents = YES;
				INFOPLIST_KEY_UILaunchScreen_Generation = YES;
				INFOPLIST_KEY_UISupportedInterfaceOrientations_iPad = "UIInterfaceOrientationPortrait UIInterfaceOrientationPortraitUpsideDown UIInterfaceOrientationLandscapeLeft UIInterfaceOrientationLandscapeRight";
				INFOPLIST_KEY_UISupportedInterfaceOrientations_iPhone = "UIInterfaceOrientationPortrait UIInterfaceOrientationLandscapeLeft UIInterfaceOrientationLandscapeRight";
				LD_RUNPATH_SEARCH_PATHS = (
					"$(inherited)",
					"@executable_path/Frameworks",
				);
				MARKETING_VERSION = 1.0;
				PRODUCT_BUNDLE_IDENTIFIER = IAPTutorials.Tutorial;
				PRODUCT_NAME = "$(TARGET_NAME)";
				SWIFT_EMIT_LOC_STRINGS = YES;
				SWIFT_VERSION = 5.0;
				TARGETED_DEVICE_FAMILY = "1,2";
			};
			name = Release;
		};
/* End XCBuildConfiguration section */

/* Begin XCConfigurationList section */
		670D496C2B40355300A84FCE /* Build configuration list for PBXProject "Tutorial" */ = {
			isa = XCConfigurationList;
			buildConfigurations = (
				670D497D2B40355400A84FCE /* Debug */,
				670D497E2B40355400A84FCE /* Release */,
			);
			defaultConfigurationIsVisible = 0;
			defaultConfigurationName = Release;
		};
		670D497F2B40355400A84FCE /* Build configuration list for PBXNativeTarget "Tutorial" */ = {
			isa = XCConfigurationList;
			buildConfigurations = (
				670D49802B40355400A84FCE /* Debug */,
				670D49812B40355400A84FCE /* Release */,
			);
			defaultConfigurationIsVisible = 0;
			defaultConfigurationName = Release;
		};
/* End XCConfigurationList section */
	};
	rootObject = 670D49692B40355300A84FCE /* Project object */;
}
